// !$*UTF8*$!
{
	archiveVersion = 1;
	classes = {
	};
	objectVersion = 77;
	objects = {

/* Begin PBXBuildFile section */
		3D27E49E3013E40B0011DEF9 /* GoogleSignIn in Frameworks */ = {isa = PBXBuildFile; productRef = 3D27E49D3013E40B0011DEF9 /* GoogleSignIn */; };
		3D27E4A03013E40B0011DEF9 /* GoogleSignInSwift in Frameworks */ = {isa = PBXBuildFile; productRef = 3D27E49F3013E40B0011DEF9 /* GoogleSignInSwift */; };
		3D27E4A33013E46A0011DEF9 /* Kingfisher in Frameworks */ = {isa = PBXBuildFile; productRef = 3D27E4A23013E46A0011DEF9 /* Kingfisher */; };
		3D27E4A73013F5630011DEF9 /* FirebaseAI in Frameworks */ = {isa = PBXBuildFile; productRef = 3D27E4A63013F5630011DEF9 /* FirebaseAI */; };
		3D27E4A93013F5630011DEF9 /* FirebaseAILogic in Frameworks */ = {isa = PBXBuildFile; productRef = 3D27E4A83013F5630011DEF9 /* FirebaseAILogic */; };
		3D27E4AB3013F5630011DEF9 /* FirebaseAnalytics in Frameworks */ = {isa = PBXBuildFile; productRef = 3D27E4AA3013F5630011DEF9 /* FirebaseAnalytics */; };
		3D27E4AD3013F5630011DEF9 /* FirebaseAnalyticsCore in Frameworks */ = {isa = PBXBuildFile; productRef = 3D27E4AC3013F5630011DEF9 /* FirebaseAnalyticsCore */; };
		3D27E4AF3013F5630011DEF9 /* FirebaseAnalyticsIdentitySupport in Frameworks */ = {isa = PBXBuildFile; productRef = 3D27E4AE3013F5630011DEF9 /* FirebaseAnalyticsIdentitySupport */; };
		3D27E4B13013F5630011DEF9 /* FirebaseAppCheck in Frameworks */ = {isa = PBXBuildFile; productRef = 3D27E4B03013F5630011DEF9 /* FirebaseAppCheck */; };
		3D27E4B33013F5630011DEF9 /* FirebaseAppDistribution-Beta in Frameworks */ = {isa = PBXBuildFile; productRef = 3D27E4B23013F5630011DEF9 /* FirebaseAppDistribution-Beta */; };
		3D27E4B53013F5630011DEF9 /* FirebaseAuth in Frameworks */ = {isa = PBXBuildFile; productRef = 3D27E4B43013F5630011DEF9 /* FirebaseAuth */; };
		3D27E4B73013F5630011DEF9 /* FirebaseAuthCombine-Community in Frameworks */ = {isa = PBXBuildFile; productRef = 3D27E4B63013F5630011DEF9 /* FirebaseAuthCombine-Community */; };
		3D27E4B93013F5630011DEF9 /* FirebaseCore in Frameworks */ = {isa = PBXBuildFile; productRef = 3D27E4B83013F5630011DEF9 /* FirebaseCore */; };
		3D27E4BB3013F5630011DEF9 /* FirebaseCrashlytics in Frameworks */ = {isa = PBXBuildFile; productRef = 3D27E4BA3013F5630011DEF9 /* FirebaseCrashlytics */; };
		3D27E4BD3013F5630011DEF9 /* FirebaseDatabase in Frameworks */ = {isa = PBXBuildFile; productRef = 3D27E4BC3013F5630011DEF9 /* FirebaseDatabase */; };
		3D27E4BF3013F5630011DEF9 /* FirebaseFirestore in Frameworks */ = {isa = PBXBuildFile; productRef = 3D27E4BE3013F5630011DEF9 /* FirebaseFirestore */; };
		3D27E4C13013F5630011DEF9 /* FirebaseFirestoreCombine-Community in Frameworks */ = {isa = PBXBuildFile; productRef = 3D27E4C03013F5630011DEF9 /* FirebaseFirestoreCombine-Community */; };
		3D27E4C33013F5630011DEF9 /* FirebaseFunctions in Frameworks */ = {isa = PBXBuildFile; productRef = 3D27E4C23013F5630011DEF9 /* FirebaseFunctions */; };
		3D27E4C53013F5630011DEF9 /* FirebaseFunctionsCombine-Community in Frameworks */ = {isa = PBXBuildFile; productRef = 3D27E4C43013F5630011DEF9 /* FirebaseFunctionsCombine-Community */; };
		3D27E4C73013F5630011DEF9 /* FirebaseInAppMessaging-Beta in Frameworks */ = {isa = PBXBuildFile; productRef = 3D27E4C63013F5630011DEF9 /* FirebaseInAppMessaging-Beta */; };
		3D27E4C93013F5630011DEF9 /* FirebaseInstallations in Frameworks */ = {isa = PBXBuildFile; productRef = 3D27E4C83013F5630011DEF9 /* FirebaseInstallations */; };
		3D27E4CB3013F5630011DEF9 /* FirebaseMLModelDownloader in Frameworks */ = {isa = PBXBuildFile; productRef = 3D27E4CA3013F5630011DEF9 /* FirebaseMLModelDownloader */; };
		3D27E4CD3013F5630011DEF9 /* FirebaseMessaging in Frameworks */ = {isa = PBXBuildFile; productRef = 3D27E4CC3013F5630011DEF9 /* FirebaseMessaging */; };
		3D27E4CF3013F5630011DEF9 /* FirebasePerformance in Frameworks */ = {isa = PBXBuildFile; productRef = 3D27E4CE3013F5630011DEF9 /* FirebasePerformance */; };
		3D27E4D13013F5630011DEF9 /* FirebaseRemoteConfig in Frameworks */ = {isa = PBXBuildFile; productRef = 3D27E4D03013F5630011DEF9 /* FirebaseRemoteConfig */; };
		3D27E4D33013F5630011DEF9 /* FirebaseStorage in Frameworks */ = {isa = PBXBuildFile; productRef = 3D27E4D23013F5630011DEF9 /* FirebaseStorage */; };
		3D27E4D53013F5630011DEF9 /* FirebaseStorageCombine-Community in Frameworks */ = {isa = PBXBuildFile; productRef = 3D27E4D43013F5630011DEF9 /* FirebaseStorageCombine-Community */; };
/* End PBXBuildFile section */

/* Begin PBXFileReference section */
		3D27E4723013DFA40011DEF9 /* DemoGalleryApp.app */ = {isa = PBXFileReference; explicitFileType = wrapper.application; includeInIndex = 0; path = DemoGalleryApp.app; sourceTree = BUILT_PRODUCTS_DIR; };
/* End PBXFileReference section */

/* Begin PBXFileSystemSynchronizedBuildFileExceptionSet section */
		3D27E4873013DFA60011DEF9 /* Exceptions for "DemoGalleryApp" folder in "DemoGalleryApp" target */ = {
			isa = PBXFileSystemSynchronizedBuildFileExceptionSet;
			membershipExceptions = (
				App/Info.plist,
			);
			target = 3D27E4713013DFA40011DEF9 /* DemoGalleryApp */;
		};
/* End PBXFileSystemSynchronizedBuildFileExceptionSet section */

/* Begin PBXFileSystemSynchronizedRootGroup section */
		3D27E4743013DFA40011DEF9 /* DemoGalleryApp */ = {
			isa = PBXFileSystemSynchronizedRootGroup;
			exceptions = (
				3D27E4873013DFA60011DEF9 /* Exceptions for "DemoGalleryApp" folder in "DemoGalleryApp" target */,
			);
			path = DemoGalleryApp;
			sourceTree = "<group>";
		};
/* End PBXFileSystemSynchronizedRootGroup section */

/* Begin PBXFrameworksBuildPhase section */
		3D27E46F3013DFA40011DEF9 /* Frameworks */ = {
			isa = PBXFrameworksBuildPhase;
			buildActionMask = 2147483647;
			files = (
				3D27E4BD3013F5630011DEF9 /* FirebaseDatabase in Frameworks */,
				3D27E4AF3013F5630011DEF9 /* FirebaseAnalyticsIdentitySupport in Frameworks */,
				3D27E4A33013E46A0011DEF9 /* Kingfisher in Frameworks */,
				3D27E4CD3013F5630011DEF9 /* FirebaseMessaging in Frameworks */,
				3D27E4C33013F5630011DEF9 /* FirebaseFunctions in Frameworks */,
				3D27E4A73013F5630011DEF9 /* FirebaseAI in Frameworks */,
				3D27E4BB3013F5630011DEF9 /* FirebaseCrashlytics in Frameworks */,
				3D27E4BF3013F5630011DEF9 /* FirebaseFirestore in Frameworks */,
				3D27E4CB3013F5630011DEF9 /* FirebaseMLModelDownloader in Frameworks */,
				3D27E4AB3013F5630011DEF9 /* FirebaseAnalytics in Frameworks */,
				3D27E49E3013E40B0011DEF9 /* GoogleSignIn in Frameworks */,
				3D27E4A03013E40B0011DEF9 /* GoogleSignInSwift in Frameworks */,
				3D27E4AD3013F5630011DEF9 /* FirebaseAnalyticsCore in Frameworks */,
				3D27E4C53013F5630011DEF9 /* FirebaseFunctionsCombine-Community in Frameworks */,
				3D27E4CF3013F5630011DEF9 /* FirebasePerformance in Frameworks */,
				3D27E4B73013F5630011DEF9 /* FirebaseAuthCombine-Community in Frameworks */,
				3D27E4D53013F5630011DEF9 /* FirebaseStorageCombine-Community in Frameworks */,
				3D27E4C13013F5630011DEF9 /* FirebaseFirestoreCombine-Community in Frameworks */,
				3D27E4B93013F5630011DEF9 /* FirebaseCore in Frameworks */,
				3D27E4C93013F5630011DEF9 /* FirebaseInstallations in Frameworks */,
				3D27E4D13013F5630011DEF9 /* FirebaseRemoteConfig in Frameworks */,
				3D27E4B53013F5630011DEF9 /* FirebaseAuth in Frameworks */,
				3D27E4D33013F5630011DEF9 /* FirebaseStorage in Frameworks */,
				3D27E4B33013F5630011DEF9 /* FirebaseAppDistribution-Beta in Frameworks */,
				3D27E4B13013F5630011DEF9 /* FirebaseAppCheck in Frameworks */,
				3D27E4A93013F5630011DEF9 /* FirebaseAILogic in Frameworks */,
				3D27E4C73013F5630011DEF9 /* FirebaseInAppMessaging-Beta in Frameworks */,
			);
			runOnlyForDeploymentPostprocessing = 0;
		};
/* End PBXFrameworksBuildPhase section */

/* Begin PBXGroup section */
		3D27E4693013DFA40011DEF9 = {
			isa = PBXGroup;
			children = (
				3D27E4743013DFA40011DEF9 /* DemoGalleryApp */,
				3D27E4733013DFA40011DEF9 /* Products */,
			);
			sourceTree = "<group>";
		};
		3D27E4733013DFA40011DEF9 /* Products */ = {
			isa = PBXGroup;
			children = (
				3D27E4723013DFA40011DEF9 /* DemoGalleryApp.app */,
			);
			name = Products;
			sourceTree = "<group>";
		};
/* End PBXGroup section */

/* Begin PBXNativeTarget section */
		3D27E4713013DFA40011DEF9 /* DemoGalleryApp */ = {
			isa = PBXNativeTarget;
			buildConfigurationList = 3D27E4883013DFA60011DEF9 /* Build configuration list for PBXNativeTarget "DemoGalleryApp" */;
			buildPhases = (
				3D27E46E3013DFA40011DEF9 /* Sources */,
				3D27E46F3013DFA40011DEF9 /* Frameworks */,
				3D27E4703013DFA40011DEF9 /* Resources */,
			);
			buildRules = (
			);
			dependencies = (
			);
			fileSystemSynchronizedGroups = (
				3D27E4743013DFA40011DEF9 /* DemoGalleryApp */,
			);
			name = DemoGalleryApp;
			packageProductDependencies = (
				3D27E49D3013E40B0011DEF9 /* GoogleSignIn */,
				3D27E49F3013E40B0011DEF9 /* GoogleSignInSwift */,
				3D27E4A23013E46A0011DEF9 /* Kingfisher */,
				3D27E4A63013F5630011DEF9 /* FirebaseAI */,
				3D27E4A83013F5630011DEF9 /* FirebaseAILogic */,
				3D27E4AA3013F5630011DEF9 /* FirebaseAnalytics */,
				3D27E4AC3013F5630011DEF9 /* FirebaseAnalyticsCore */,
				3D27E4AE3013F5630011DEF9 /* FirebaseAnalyticsIdentitySupport */,
				3D27E4B03013F5630011DEF9 /* FirebaseAppCheck */,
				3D27E4B23013F5630011DEF9 /* FirebaseAppDistribution-Beta */,
				3D27E4B43013F5630011DEF9 /* FirebaseAuth */,
				3D27E4B63013F5630011DEF9 /* FirebaseAuthCombine-Community */,
				3D27E4B83013F5630011DEF9 /* FirebaseCore */,
				3D27E4BA3013F5630011DEF9 /* FirebaseCrashlytics */,
				3D27E4BC3013F5630011DEF9 /* FirebaseDatabase */,
				3D27E4BE3013F5630011DEF9 /* FirebaseFirestore */,
				3D27E4C03013F5630011DEF9 /* FirebaseFirestoreCombine-Community */,
				3D27E4C23013F5630011DEF9 /* FirebaseFunctions */,
				3D27E4C43013F5630011DEF9 /* FirebaseFunctionsCombine-Community */,
				3D27E4C63013F5630011DEF9 /* FirebaseInAppMessaging-Beta */,
				3D27E4C83013F5630011DEF9 /* FirebaseInstallations */,
				3D27E4CA3013F5630011DEF9 /* FirebaseMLModelDownloader */,
				3D27E4CC3013F5630011DEF9 /* FirebaseMessaging */,
				3D27E4CE3013F5630011DEF9 /* FirebasePerformance */,
				3D27E4D03013F5630011DEF9 /* FirebaseRemoteConfig */,
				3D27E4D23013F5630011DEF9 /* FirebaseStorage */,
				3D27E4D43013F5630011DEF9 /* FirebaseStorageCombine-Community */,
			);
			productName = DemoGalleryApp;
			productReference = 3D27E4723013DFA40011DEF9 /* DemoGalleryApp.app */;
			productType = "com.apple.product-type.application";
		};
/* End PBXNativeTarget section */

/* Begin PBXProject section */
		3D27E46A3013DFA40011DEF9 /* Project object */ = {
			isa = PBXProject;
			attributes = {
				BuildIndependentTargetsInParallel = 1;
				LastSwiftUpdateCheck = 2640;
				LastUpgradeCheck = 2640;
				TargetAttributes = {
					3D27E4713013DFA40011DEF9 = {
						CreatedOnToolsVersion = 26.4.1;
					};
				};
			};
			buildConfigurationList = 3D27E46D3013DFA40011DEF9 /* Build configuration list for PBXProject "DemoGalleryApp" */;
			developmentRegion = en;
			hasScannedForEncodings = 0;
			knownRegions = (
				en,
				Base,
			);
			mainGroup = 3D27E4693013DFA40011DEF9;
			minimizedProjectReferenceProxies = 1;
			packageReferences = (
				3D27E49C3013E40B0011DEF9 /* XCRemoteSwiftPackageReference "GoogleSignIn-iOS" */,
				3D27E4A13013E46A0011DEF9 /* XCRemoteSwiftPackageReference "Kingfisher" */,
				3D27E4A53013F5630011DEF9 /* XCRemoteSwiftPackageReference "firebase-ios-sdk" */,
			);
			preferredProjectObjectVersion = 77;
			productRefGroup = 3D27E4733013DFA40011DEF9 /* Products */;
			projectDirPath = "";
			projectRoot = "";
			targets = (
				3D27E4713013DFA40011DEF9 /* DemoGalleryApp */,
			);
		};
/* End PBXProject section */

/* Begin PBXResourcesBuildPhase section */
		3D27E4703013DFA40011DEF9 /* Resources */ = {
			isa = PBXResourcesBuildPhase;
			buildActionMask = 2147483647;
			files = (
			);
			runOnlyForDeploymentPostprocessing = 0;
		};
/* End PBXResourcesBuildPhase section */

/* Begin PBXSourcesBuildPhase section */
		3D27E46E3013DFA40011DEF9 /* Sources */ = {
			isa = PBXSourcesBuildPhase;
			buildActionMask = 2147483647;
			files = (
			);
			runOnlyForDeploymentPostprocessing = 0;
		};
/* End PBXSourcesBuildPhase section */

/* Begin XCBuildConfiguration section */
		3D27E4893013DFA60011DEF9 /* Debug */ = {
			isa = XCBuildConfiguration;
			buildSettings = {
				ASSETCATALOG_COMPILER_APPICON_NAME = AppIcon;
				ASSETCATALOG_COMPILER_GLOBAL_ACCENT_COLOR_NAME = AccentColor;
				CODE_SIGN_STYLE = Manual;
				CURRENT_PROJECT_VERSION = 1;
				DEVELOPMENT_TEAM = "";
				GENERATE_INFOPLIST_FILE = YES;
				INFOPLIST_FILE = DemoGalleryApp/App/Info.plist;
				INFOPLIST_KEY_UIApplicationSupportsIndirectInputEvents = YES;
				INFOPLIST_KEY_UILaunchStoryboardName = LaunchScreen;
				INFOPLIST_KEY_UIMainStoryboardFile = Main;
				INFOPLIST_KEY_UISupportedInterfaceOrientations_iPad = "UIInterfaceOrientationPortrait UIInterfaceOrientationPortraitUpsideDown UIInterfaceOrientationLandscapeLeft UIInterfaceOrientationLandscapeRight";
				INFOPLIST_KEY_UISupportedInterfaceOrientations_iPhone = "UIInterfaceOrientationPortrait UIInterfaceOrientationLandscapeLeft UIInterfaceOrientationLandscapeRight";
				LD_RUNPATH_SEARCH_PATHS = (
					"$(inherited)",
					"@executable_path/Frameworks",
				);
				MARKETING_VERSION = 1.0;
				PRODUCT_BUNDLE_IDENTIFIER = com.DemoGalleryApp;
				PRODUCT_NAME = "$(TARGET_NAME)";
				PROVISIONING_PROFILE_SPECIFIER = "";
				STRING_CATALOG_GENERATE_SYMBOLS = YES;
				SWIFT_APPROACHABLE_CONCURRENCY = YES;
				SWIFT_DEFAULT_ACTOR_ISOLATION = MainActor;
				SWIFT_EMIT_LOC_STRINGS = YES;
				SWIFT_UPCOMING_FEATURE_MEMBER_IMPORT_VISIBILITY = YES;
				SWIFT_VERSION = 5.0;
				TARGETED_DEVICE_FAMILY = "1,2";
			};
			name = Debug;
		};
		3D27E48A3013DFA60011DEF9 /* Release */ = {
			isa = XCBuildConfiguration;
			buildSettings = {
				ASSETCATALOG_COMPILER_APPICON_NAME = AppIcon;
				ASSETCATALOG_COMPILER_GLOBAL_ACCENT_COLOR_NAME = AccentColor;
				CODE_SIGN_STYLE = Manual;
				CURRENT_PROJECT_VERSION = 1;
				DEVELOPMENT_TEAM = "";
				GENERATE_INFOPLIST_FILE = YES;
				INFOPLIST_FILE = DemoGalleryApp/App/Info.plist;
				INFOPLIST_KEY_UIApplicationSupportsIndirectInputEvents = YES;
				INFOPLIST_KEY_UILaunchStoryboardName = LaunchScreen;
				INFOPLIST_KEY_UIMainStoryboardFile = Main;
				INFOPLIST_KEY_UISupportedInterfaceOrientations_iPad = "UIInterfaceOrientationPortrait UIInterfaceOrientationPortraitUpsideDown UIInterfaceOrientationLandscapeLeft UIInterfaceOrientationLandscapeRight";
				INFOPLIST_KEY_UISupportedInterfaceOrientations_iPhone = "UIInterfaceOrientationPortrait UIInterfaceOrientationLandscapeLeft UIInterfaceOrientationLandscapeRight";
				LD_RUNPATH_SEARCH_PATHS = (
					"$(inherited)",
					"@executable_path/Frameworks",
				);
				MARKETING_VERSION = 1.0;
				PRODUCT_BUNDLE_IDENTIFIER = com.DemoGalleryApp;
				PRODUCT_NAME = "$(TARGET_NAME)";
				PROVISIONING_PROFILE_SPECIFIER = "";
				STRING_CATALOG_GENERATE_SYMBOLS = YES;
				SWIFT_APPROACHABLE_CONCURRENCY = YES;
				SWIFT_DEFAULT_ACTOR_ISOLATION = MainActor;
				SWIFT_EMIT_LOC_STRINGS = YES;
				SWIFT_UPCOMING_FEATURE_MEMBER_IMPORT_VISIBILITY = YES;
				SWIFT_VERSION = 5.0;
				TARGETED_DEVICE_FAMILY = "1,2";
			};
			name = Release;
		};
		3D27E48B3013DFA60011DEF9 /* Debug */ = {
			isa = XCBuildConfiguration;
			buildSettings = {
				ALWAYS_SEARCH_USER_PATHS = NO;
				ASSETCATALOG_COMPILER_GENERATE_SWIFT_ASSET_SYMBOL_EXTENSIONS = YES;
				CLANG_ANALYZER_NONNULL = YES;
				CLANG_ANALYZER_NUMBER_OBJECT_CONVERSION = YES_AGGRESSIVE;
				CLANG_CXX_LANGUAGE_STANDARD = "gnu++20";
				CLANG_ENABLE_MODULES = YES;
				CLANG_ENABLE_OBJC_ARC = YES;
				CLANG_ENABLE_OBJC_WEAK = YES;
				CLANG_WARN_BLOCK_CAPTURE_AUTORELEASING = YES;
				CLANG_WARN_BOOL_CONVERSION = YES;
				CLANG_WARN_COMMA = YES;
				CLANG_WARN_CONSTANT_CONVERSION = YES;
				CLANG_WARN_DEPRECATED_OBJC_IMPLEMENTATIONS = YES;
				CLANG_WARN_DIRECT_OBJC_ISA_USAGE = YES_ERROR;
				CLANG_WARN_DOCUMENTATION_COMMENTS = YES;
				CLANG_WARN_EMPTY_BODY = YES;
				CLANG_WARN_ENUM_CONVERSION = YES;
				CLANG_WARN_INFINITE_RECURSION = YES;
				CLANG_WARN_INT_CONVERSION = YES;
				CLANG_WARN_NON_LITERAL_NULL_CONVERSION = YES;
				CLANG_WARN_OBJC_IMPLICIT_RETAIN_SELF = YES;
				CLANG_WARN_OBJC_LITERAL_CONVERSION = YES;
				CLANG_WARN_OBJC_ROOT_CLASS = YES_ERROR;
				CLANG_WARN_QUOTED_INCLUDE_IN_FRAMEWORK_HEADER = YES;
				CLANG_WARN_RANGE_LOOP_ANALYSIS = YES;
				CLANG_WARN_STRICT_PROTOTYPES = YES;
				CLANG_WARN_SUSPICIOUS_MOVE = YES;
				CLANG_WARN_UNGUARDED_AVAILABILITY = YES_AGGRESSIVE;
				CLANG_WARN_UNREACHABLE_CODE = YES;
				CLANG_WARN__DUPLICATE_METHOD_MATCH = YES;
				COPY_PHASE_STRIP = NO;
				DEBUG_INFORMATION_FORMAT = dwarf;
				ENABLE_STRICT_OBJC_MSGSEND = YES;
				ENABLE_TESTABILITY = YES;
				ENABLE_USER_SCRIPT_SANDBOXING = YES;
				GCC_C_LANGUAGE_STANDARD = gnu17;
				GCC_DYNAMIC_NO_PIC = NO;
				GCC_NO_COMMON_BLOCKS = YES;
				GCC_OPTIMIZATION_LEVEL = 0;
				GCC_PREPROCESSOR_DEFINITIONS = (
					"DEBUG=1",
					"$(inherited)",
				);
				GCC_WARN_64_TO_32_BIT_CONVERSION = YES;
				GCC_WARN_ABOUT_RETURN_TYPE = YES_ERROR;
				GCC_WARN_UNDECLARED_SELECTOR = YES;
				GCC_WARN_UNINITIALIZED_AUTOS = YES_AGGRESSIVE;
				GCC_WARN_UNUSED_FUNCTION = YES;
				GCC_WARN_UNUSED_VARIABLE = YES;
				IPHONEOS_DEPLOYMENT_TARGET = 26.4;
				LOCALIZATION_PREFERS_STRING_CATALOGS = YES;
				MTL_ENABLE_DEBUG_INFO = INCLUDE_SOURCE;
				MTL_FAST_MATH = YES;
				ONLY_ACTIVE_ARCH = YES;
				SDKROOT = iphoneos;
				SWIFT_ACTIVE_COMPILATION_CONDITIONS = "DEBUG $(inherited)";
				SWIFT_OPTIMIZATION_LEVEL = "-Onone";
			};
			name = Debug;
		};
		3D27E48C3013DFA60011DEF9 /* Release */ = {
			isa = XCBuildConfiguration;
			buildSettings = {
				ALWAYS_SEARCH_USER_PATHS = NO;
				ASSETCATALOG_COMPILER_GENERATE_SWIFT_ASSET_SYMBOL_EXTENSIONS = YES;
				CLANG_ANALYZER_NONNULL = YES;
				CLANG_ANALYZER_NUMBER_OBJECT_CONVERSION = YES_AGGRESSIVE;
				CLANG_CXX_LANGUAGE_STANDARD = "gnu++20";
				CLANG_ENABLE_MODULES = YES;
				CLANG_ENABLE_OBJC_ARC = YES;
				CLANG_ENABLE_OBJC_WEAK = YES;
				CLANG_WARN_BLOCK_CAPTURE_AUTORELEASING = YES;
				CLANG_WARN_BOOL_CONVERSION = YES;
				CLANG_WARN_COMMA = YES;
				CLANG_WARN_CONSTANT_CONVERSION = YES;
				CLANG_WARN_DEPRECATED_OBJC_IMPLEMENTATIONS = YES;
				CLANG_WARN_DIRECT_OBJC_ISA_USAGE = YES_ERROR;
				CLANG_WARN_DOCUMENTATION_COMMENTS = YES;
				CLANG_WARN_EMPTY_BODY = YES;
				CLANG_WARN_ENUM_CONVERSION = YES;
				CLANG_WARN_INFINITE_RECURSION = YES;
				CLANG_WARN_INT_CONVERSION = YES;
				CLANG_WARN_NON_LITERAL_NULL_CONVERSION = YES;
				CLANG_WARN_OBJC_IMPLICIT_RETAIN_SELF = YES;
				CLANG_WARN_OBJC_LITERAL_CONVERSION = YES;
				CLANG_WARN_OBJC_ROOT_CLASS = YES_ERROR;
				CLANG_WARN_QUOTED_INCLUDE_IN_FRAMEWORK_HEADER = YES;
				CLANG_WARN_RANGE_LOOP_ANALYSIS = YES;
				CLANG_WARN_STRICT_PROTOTYPES = YES;
				CLANG_WARN_SUSPICIOUS_MOVE = YES;
				CLANG_WARN_UNGUARDED_AVAILABILITY = YES_AGGRESSIVE;
				CLANG_WARN_UNREACHABLE_CODE = YES;
				CLANG_WARN__DUPLICATE_METHOD_MATCH = YES;
				COPY_PHASE_STRIP = NO;
				DEBUG_INFORMATION_FORMAT = "dwarf-with-dsym";
				ENABLE_NS_ASSERTIONS = NO;
				ENABLE_STRICT_OBJC_MSGSEND = YES;
				ENABLE_USER_SCRIPT_SANDBOXING = YES;
				GCC_C_LANGUAGE_STANDARD = gnu17;
				GCC_NO_COMMON_BLOCKS = YES;
				GCC_WARN_64_TO_32_BIT_CONVERSION = YES;
				GCC_WARN_ABOUT_RETURN_TYPE = YES_ERROR;
				GCC_WARN_UNDECLARED_SELECTOR = YES;
				GCC_WARN_UNINITIALIZED_AUTOS = YES_AGGRESSIVE;
				GCC_WARN_UNUSED_FUNCTION = YES;
				GCC_WARN_UNUSED_VARIABLE = YES;
				IPHONEOS_DEPLOYMENT_TARGET = 26.4;
				LOCALIZATION_PREFERS_STRING_CATALOGS = YES;
				MTL_ENABLE_DEBUG_INFO = NO;
				MTL_FAST_MATH = YES;
				SDKROOT = iphoneos;
				SWIFT_COMPILATION_MODE = wholemodule;
				VALIDATE_PRODUCT = YES;
			};
			name = Release;
		};
/* End XCBuildConfiguration section */

/* Begin XCConfigurationList section */
		3D27E46D3013DFA40011DEF9 /* Build configuration list for PBXProject "DemoGalleryApp" */ = {
			isa = XCConfigurationList;
			buildConfigurations = (
				3D27E48B3013DFA60011DEF9 /* Debug */,
				3D27E48C3013DFA60011DEF9 /* Release */,
			);
			defaultConfigurationIsVisible = 0;
			defaultConfigurationName = Release;
		};
		3D27E4883013DFA60011DEF9 /* Build configuration list for PBXNativeTarget "DemoGalleryApp" */ = {
			isa = XCConfigurationList;
			buildConfigurations = (
				3D27E4893013DFA60011DEF9 /* Debug */,
				3D27E48A3013DFA60011DEF9 /* Release */,
			);
			defaultConfigurationIsVisible = 0;
			defaultConfigurationName = Release;
		};
/* End XCConfigurationList section */

/* Begin XCRemoteSwiftPackageReference section */
		3D27E49C3013E40B0011DEF9 /* XCRemoteSwiftPackageReference "GoogleSignIn-iOS" */ = {
			isa = XCRemoteSwiftPackageReference;
			repositoryURL = "https://github.com/google/GoogleSignIn-iOS";
			requirement = {
				kind = upToNextMajorVersion;
				minimumVersion = 9.2.0;
			};
		};
		3D27E4A13013E46A0011DEF9 /* XCRemoteSwiftPackageReference "Kingfisher" */ = {
			isa = XCRemoteSwiftPackageReference;
			repositoryURL = "https://github.com/onevcat/Kingfisher";
			requirement = {
				kind = upToNextMajorVersion;
				minimumVersion = 8.11.0;
			};
		};
		3D27E4A53013F5630011DEF9 /* XCRemoteSwiftPackageReference "firebase-ios-sdk" */ = {
			isa = XCRemoteSwiftPackageReference;
			repositoryURL = "https://github.com/firebase/firebase-ios-sdk.git";
			requirement = {
				kind = upToNextMajorVersion;
				minimumVersion = 12.16.0;
			};
		};
/* End XCRemoteSwiftPackageReference section */

/* Begin XCSwiftPackageProductDependency section */
		3D27E49D3013E40B0011DEF9 /* GoogleSignIn */ = {
			isa = XCSwiftPackageProductDependency;
			package = 3D27E49C3013E40B0011DEF9 /* XCRemoteSwiftPackageReference "GoogleSignIn-iOS" */;
			productName = GoogleSignIn;
		};
		3D27E49F3013E40B0011DEF9 /* GoogleSignInSwift */ = {
			isa = XCSwiftPackageProductDependency;
			package = 3D27E49C3013E40B0011DEF9 /* XCRemoteSwiftPackageReference "GoogleSignIn-iOS" */;
			productName = GoogleSignInSwift;
		};
		3D27E4A23013E46A0011DEF9 /* Kingfisher */ = {
			isa = XCSwiftPackageProductDependency;
			package = 3D27E4A13013E46A0011DEF9 /* XCRemoteSwiftPackageReference "Kingfisher" */;
			productName = Kingfisher;
		};
		3D27E4A63013F5630011DEF9 /* FirebaseAI */ = {
			isa = XCSwiftPackageProductDependency;
			package = 3D27E4A53013F5630011DEF9 /* XCRemoteSwiftPackageReference "firebase-ios-sdk" */;
			productName = FirebaseAI;
		};
		3D27E4A83013F5630011DEF9 /* FirebaseAILogic */ = {
			isa = XCSwiftPackageProductDependency;
			package = 3D27E4A53013F5630011DEF9 /* XCRemoteSwiftPackageReference "firebase-ios-sdk" */;
			productName = FirebaseAILogic;
		};
		3D27E4AA3013F5630011DEF9 /* FirebaseAnalytics */ = {
			isa = XCSwiftPackageProductDependency;
			package = 3D27E4A53013F5630011DEF9 /* XCRemoteSwiftPackageReference "firebase-ios-sdk" */;
			productName = FirebaseAnalytics;
		};
		3D27E4AC3013F5630011DEF9 /* FirebaseAnalyticsCore */ = {
			isa = XCSwiftPackageProductDependency;
			package = 3D27E4A53013F5630011DEF9 /* XCRemoteSwiftPackageReference "firebase-ios-sdk" */;
			productName = FirebaseAnalyticsCore;
		};
		3D27E4AE3013F5630011DEF9 /* FirebaseAnalyticsIdentitySupport */ = {
			isa = XCSwiftPackageProductDependency;
			package = 3D27E4A53013F5630011DEF9 /* XCRemoteSwiftPackageReference "firebase-ios-sdk" */;
			productName = FirebaseAnalyticsIdentitySupport;
		};
		3D27E4B03013F5630011DEF9 /* FirebaseAppCheck */ = {
			isa = XCSwiftPackageProductDependency;
			package = 3D27E4A53013F5630011DEF9 /* XCRemoteSwiftPackageReference "firebase-ios-sdk" */;
			productName = FirebaseAppCheck;
		};
		3D27E4B23013F5630011DEF9 /* FirebaseAppDistribution-Beta */ = {
			isa = XCSwiftPackageProductDependency;
			package = 3D27E4A53013F5630011DEF9 /* XCRemoteSwiftPackageReference "firebase-ios-sdk" */;
			productName = "FirebaseAppDistribution-Beta";
		};
		3D27E4B43013F5630011DEF9 /* FirebaseAuth */ = {
			isa = XCSwiftPackageProductDependency;
			package = 3D27E4A53013F5630011DEF9 /* XCRemoteSwiftPackageReference "firebase-ios-sdk" */;
			productName = FirebaseAuth;
		};
		3D27E4B63013F5630011DEF9 /* FirebaseAuthCombine-Community */ = {
			isa = XCSwiftPackageProductDependency;
			package = 3D27E4A53013F5630011DEF9 /* XCRemoteSwiftPackageReference "firebase-ios-sdk" */;
			productName = "FirebaseAuthCombine-Community";
		};
		3D27E4B83013F5630011DEF9 /* FirebaseCore */ = {
			isa = XCSwiftPackageProductDependency;
			package = 3D27E4A53013F5630011DEF9 /* XCRemoteSwiftPackageReference "firebase-ios-sdk" */;
			productName = FirebaseCore;
		};
		3D27E4BA3013F5630011DEF9 /* FirebaseCrashlytics */ = {
			isa = XCSwiftPackageProductDependency;
			package = 3D27E4A53013F5630011DEF9 /* XCRemoteSwiftPackageReference "firebase-ios-sdk" */;
			productName = FirebaseCrashlytics;
		};
		3D27E4BC3013F5630011DEF9 /* FirebaseDatabase */ = {
			isa = XCSwiftPackageProductDependency;
			package = 3D27E4A53013F5630011DEF9 /* XCRemoteSwiftPackageReference "firebase-ios-sdk" */;
			productName = FirebaseDatabase;
		};
		3D27E4BE3013F5630011DEF9 /* FirebaseFirestore */ = {
			isa = XCSwiftPackageProductDependency;
			package = 3D27E4A53013F5630011DEF9 /* XCRemoteSwiftPackageReference "firebase-ios-sdk" */;
			productName = FirebaseFirestore;
		};
		3D27E4C03013F5630011DEF9 /* FirebaseFirestoreCombine-Community */ = {
			isa = XCSwiftPackageProductDependency;
			package = 3D27E4A53013F5630011DEF9 /* XCRemoteSwiftPackageReference "firebase-ios-sdk" */;
			productName = "FirebaseFirestoreCombine-Community";
		};
		3D27E4C23013F5630011DEF9 /* FirebaseFunctions */ = {
			isa = XCSwiftPackageProductDependency;
			package = 3D27E4A53013F5630011DEF9 /* XCRemoteSwiftPackageReference "firebase-ios-sdk" */;
			productName = FirebaseFunctions;
		};
		3D27E4C43013F5630011DEF9 /* FirebaseFunctionsCombine-Community */ = {
			isa = XCSwiftPackageProductDependency;
			package = 3D27E4A53013F5630011DEF9 /* XCRemoteSwiftPackageReference "firebase-ios-sdk" */;
			productName = "FirebaseFunctionsCombine-Community";
		};
		3D27E4C63013F5630011DEF9 /* FirebaseInAppMessaging-Beta */ = {
			isa = XCSwiftPackageProductDependency;
			package = 3D27E4A53013F5630011DEF9 /* XCRemoteSwiftPackageReference "firebase-ios-sdk" */;
			productName = "FirebaseInAppMessaging-Beta";
		};
		3D27E4C83013F5630011DEF9 /* FirebaseInstallations */ = {
			isa = XCSwiftPackageProductDependency;
			package = 3D27E4A53013F5630011DEF9 /* XCRemoteSwiftPackageReference "firebase-ios-sdk" */;
			productName = FirebaseInstallations;
		};
		3D27E4CA3013F5630011DEF9 /* FirebaseMLModelDownloader */ = {
			isa = XCSwiftPackageProductDependency;
			package = 3D27E4A53013F5630011DEF9 /* XCRemoteSwiftPackageReference "firebase-ios-sdk" */;
			productName = FirebaseMLModelDownloader;
		};
		3D27E4CC3013F5630011DEF9 /* FirebaseMessaging */ = {
			isa = XCSwiftPackageProductDependency;
			package = 3D27E4A53013F5630011DEF9 /* XCRemoteSwiftPackageReference "firebase-ios-sdk" */;
			productName = FirebaseMessaging;
		};
		3D27E4CE3013F5630011DEF9 /* FirebasePerformance */ = {
			isa = XCSwiftPackageProductDependency;
			package = 3D27E4A53013F5630011DEF9 /* XCRemoteSwiftPackageReference "firebase-ios-sdk" */;
			productName = FirebasePerformance;
		};
		3D27E4D03013F5630011DEF9 /* FirebaseRemoteConfig */ = {
			isa = XCSwiftPackageProductDependency;
			package = 3D27E4A53013F5630011DEF9 /* XCRemoteSwiftPackageReference "firebase-ios-sdk" */;
			productName = FirebaseRemoteConfig;
		};
		3D27E4D23013F5630011DEF9 /* FirebaseStorage */ = {
			isa = XCSwiftPackageProductDependency;
			package = 3D27E4A53013F5630011DEF9 /* XCRemoteSwiftPackageReference "firebase-ios-sdk" */;
			productName = FirebaseStorage;
		};
		3D27E4D43013F5630011DEF9 /* FirebaseStorageCombine-Community */ = {
			isa = XCSwiftPackageProductDependency;
			package = 3D27E4A53013F5630011DEF9 /* XCRemoteSwiftPackageReference "firebase-ios-sdk" */;
			productName = "FirebaseStorageCombine-Community";
		};
/* End XCSwiftPackageProductDependency section */
	};
	rootObject = 3D27E46A3013DFA40011DEF9 /* Project object */;
}
